
Microsoft Visual Studio Solution File, Format Version 12.00
# Visual Studio Version 17
VisualStudioVersion = 17.14.36915.13 d17.14
MinimumVisualStudioVersion = 10.0.40219.1
Project("{FAE04EC0-301F-11D3-BF4B-00C04F79EFBC}") = "LINQsolution02", "LINQsolution02\LINQsolution02.csproj", "{7747090E-54BE-4E7B-AFD4-28CB2C53CCEA}"
EndProject
Global
	GlobalSection(SolutionConfigurationPlatforms) = preSolution
		Debug|Any CPU = Debug|Any CPU
		Release|Any CPU = Release|Any CPU
	EndGlobalSection
	GlobalSection(ProjectConfigurationPlatforms) = postSolution
		{7747090E-54BE-4E7B-AFD4-28CB2C53CCEA}.Debug|Any CPU.ActiveCfg = Debug|Any CPU
		{7747090E-54BE-4E7B-AFD4-28CB2C53CCEA}.Debug|Any CPU.Build.0 = Debug|Any CPU
		{7747090E-54BE-4E7B-AFD4-28CB2C53CCEA}.Release|Any CPU.ActiveCfg = Release|Any CPU
		{7747090E-54BE-4E7B-AFD4-28CB2C53CCEA}.Release|Any CPU.Build.0 = Release|Any CPU
	EndGlobalSection
	GlobalSection(SolutionProperties) = preSolution
		HideSolutionNode = FALSE
	EndGlobalSection
	GlobalSection(ExtensibilityGlobals) = postSolution
		SolutionGuid = {E2134185-D753-4E3C-AF3F-B28F814E0EB4}
	EndGlobalSection
EndGlobal
